
Microsoft Visual Studio Solution File, Format Version 12.00
# Visual Studio Version 16
VisualStudioVersion = 16.0.31424.327
MinimumVisualStudioVersion = 10.0.40219.1
Project("{2150E333-8FDC-42A3-9474-1A3956D46DE8}") = "Tests", "Tests", "{A0B5AC23-DDF3-4710-A973-7550AFC83C6D}"
EndProject
Project("{2150E333-8FDC-42A3-9474-1A3956D46DE8}") = "Business", "Business", "{5A5C30F4-B88F-42A4-B5A8-11C0F96BF0B5}"
EndProject
Project("{2150E333-8FDC-42A3-9474-1A3956D46DE8}") = "Data", "Data", "{EF03EF07-A867-434A-A42C-893331055337}"
EndProject
Project("{2150E333-8FDC-42A3-9474-1A3956D46DE8}") = "Infrastructure", "Infrastructure", "{8AC95FFC-8C05-44BB-9853-2CB9E9BF5C5A}"
EndProject
Project("{2150E333-8FDC-42A3-9474-1A3956D46DE8}") = "Applications", "Applications", "{FEA25B21-860D-41EF-9E45-190F1CB3237F}"
EndProject
Project("{FAE04EC0-301F-11D3-BF4B-00C04F79EFBC}") = "ExampleCleanArchitecture.Infrastructure", "ExampleCleanArchitecture.Infrastructure\ExampleCleanArchitecture.Infrastructure.csproj", "{01B51595-059A-4919-B45C-7E5403770BB4}"
EndProject
Project("{FAE04EC0-301F-11D3-BF4B-00C04F79EFBC}") = "ExampleCleanArchitecture.Domain", "ExampleCleanArchitecture.Domain\ExampleCleanArchitecture.Domain.csproj", "{F45F0A58-30D0-4D12-86E9-4FD119CE76E0}"
EndProject
Project("{FAE04EC0-301F-11D3-BF4B-00C04F79EFBC}") = "ExampleCleanArchitecture.Business", "ExampleCleanArchitecture.Business\ExampleCleanArchitecture.Business.csproj", "{BB0F5A78-6EB2-4078-AC44-F07191C21C1E}"
EndProject
Project("{FAE04EC0-301F-11D3-BF4B-00C04F79EFBC}") = "ExampleCleanArchitecture.WebUI", "ExampleCleanArchitecture.WebUI\ExampleCleanArchitecture.WebUI.csproj", "{0F7B0B4C-11B4-47BE-BD5A-B6AAC16772AB}"
EndProject
Project("{FAE04EC0-301F-11D3-BF4B-00C04F79EFBC}") = "ExampleCleanArchitecture.Business.Tests", "ExampleCleanArchitecture.Business.Tests\ExampleCleanArchitecture.Business.Tests.csproj", "{42530C84-1547-462D-86CB-7890CAAA3D32}"
EndProject
Project("{FAE04EC0-301F-11D3-BF4B-00C04F79EFBC}") = "ExampleCleanArchitecture.Domain.Tests", "ExampleCleanArchitecture.Domain.Tests\ExampleCleanArchitecture.Domain.Tests.csproj", "{A4E412E2-FA0C-444F-95C6-307964F63BB4}"
EndProject
Project("{FAE04EC0-301F-11D3-BF4B-00C04F79EFBC}") = "ExampleCleanArchitecture.UnitTests", "ExampleCleanArchitecture.UnitTests\ExampleCleanArchitecture.UnitTests.csproj", "{E06246E9-D795-4B27-8D30-CD510FDAB993}"
EndProject
Project("{2150E333-8FDC-42A3-9474-1A3956D46DE8}") = "Common", "Common", "{4DD786C7-521B-440A-9AC8-F8EC62BA72F5}"
EndProject
Project("{FAE04EC0-301F-11D3-BF4B-00C04F79EFBC}") = "ExampleCleanArchitecture.Common", "ExampleCleanArchitecture.Common\ExampleCleanArchitecture.Common.csproj", "{BDD93B06-FD4B-4706-8F12-223E9868664A}"
EndProject
Global
	GlobalSection(SolutionConfigurationPlatforms) = preSolution
		Debug|Any CPU = Debug|Any CPU
		Release|Any CPU = Release|Any CPU
	EndGlobalSection
	GlobalSection(ProjectConfigurationPlatforms) = postSolution
		{01B51595-059A-4919-B45C-7E5403770BB4}.Debug|Any CPU.ActiveCfg = Debug|Any CPU
		{01B51595-059A-4919-B45C-7E5403770BB4}.Debug|Any CPU.Build.0 = Debug|Any CPU
		{01B51595-059A-4919-B45C-7E5403770BB4}.Release|Any CPU.ActiveCfg = Release|Any CPU
		{01B51595-059A-4919-B45C-7E5403770BB4}.Release|Any CPU.Build.0 = Release|Any CPU
		{F45F0A58-30D0-4D12-86E9-4FD119CE76E0}.Debug|Any CPU.ActiveCfg = Debug|Any CPU
		{F45F0A58-30D0-4D12-86E9-4FD119CE76E0}.Debug|Any CPU.Build.0 = Debug|Any CPU
		{F45F0A58-30D0-4D12-86E9-4FD119CE76E0}.Release|Any CPU.ActiveCfg = Release|Any CPU
		{F45F0A58-30D0-4D12-86E9-4FD119CE76E0}.Release|Any CPU.Build.0 = Release|Any CPU
		{BB0F5A78-6EB2-4078-AC44-F07191C21C1E}.Debug|Any CPU.ActiveCfg = Debug|Any CPU
		{BB0F5A78-6EB2-4078-AC44-F07191C21C1E}.Debug|Any CPU.Build.0 = Debug|Any CPU
		{BB0F5A78-6EB2-4078-AC44-F07191C21C1E}.Release|Any CPU.ActiveCfg = Release|Any CPU
		{BB0F5A78-6EB2-4078-AC44-F07191C21C1E}.Release|Any CPU.Build.0 = Release|Any CPU
		{0F7B0B4C-11B4-47BE-BD5A-B6AAC16772AB}.Debug|Any CPU.ActiveCfg = Debug|Any CPU
		{0F7B0B4C-11B4-47BE-BD5A-B6AAC16772AB}.Debug|Any CPU.Build.0 = Debug|Any CPU
		{0F7B0B4C-11B4-47BE-BD5A-B6AAC16772AB}.Release|Any CPU.ActiveCfg = Release|Any CPU
		{0F7B0B4C-11B4-47BE-BD5A-B6AAC16772AB}.Release|Any CPU.Build.0 = Release|Any CPU
		{42530C84-1547-462D-86CB-7890CAAA3D32}.Debug|Any CPU.ActiveCfg = Debug|Any CPU
		{42530C84-1547-462D-86CB-7890CAAA3D32}.Debug|Any CPU.Build.0 = Debug|Any CPU
		{42530C84-1547-462D-86CB-7890CAAA3D32}.Release|Any CPU.ActiveCfg = Release|Any CPU
		{42530C84-1547-462D-86CB-7890CAAA3D32}.Release|Any CPU.Build.0 = Release|Any CPU
		{A4E412E2-FA0C-444F-95C6-307964F63BB4}.Debug|Any CPU.ActiveCfg = Debug|Any CPU
		{A4E412E2-FA0C-444F-95C6-307964F63BB4}.Debug|Any CPU.Build.0 = Debug|Any CPU
		{A4E412E2-FA0C-444F-95C6-307964F63BB4}.Release|Any CPU.ActiveCfg = Release|Any CPU
		{A4E412E2-FA0C-444F-95C6-307964F63BB4}.Release|Any CPU.Build.0 = Release|Any CPU
		{E06246E9-D795-4B27-8D30-CD510FDAB993}.Debug|Any CPU.ActiveCfg = Debug|Any CPU
		{E06246E9-D795-4B27-8D30-CD510FDAB993}.Debug|Any CPU.Build.0 = Debug|Any CPU
		{E06246E9-D795-4B27-8D30-CD510FDAB993}.Release|Any CPU.ActiveCfg = Release|Any CPU
		{E06246E9-D795-4B27-8D30-CD510FDAB993}.Release|Any CPU.Build.0 = Release|Any CPU
		{BDD93B06-FD4B-4706-8F12-223E9868664A}.Debug|Any CPU.ActiveCfg = Debug|Any CPU
		{BDD93B06-FD4B-4706-8F12-223E9868664A}.Debug|Any CPU.Build.0 = Debug|Any CPU
		{BDD93B06-FD4B-4706-8F12-223E9868664A}.Release|Any CPU.ActiveCfg = Release|Any CPU
		{BDD93B06-FD4B-4706-8F12-223E9868664A}.Release|Any CPU.Build.0 = Release|Any CPU
	EndGlobalSection
	GlobalSection(SolutionProperties) = preSolution
		HideSolutionNode = FALSE
	EndGlobalSection
	GlobalSection(NestedProjects) = preSolution
		{01B51595-059A-4919-B45C-7E5403770BB4} = {8AC95FFC-8C05-44BB-9853-2CB9E9BF5C5A}
		{F45F0A58-30D0-4D12-86E9-4FD119CE76E0} = {EF03EF07-A867-434A-A42C-893331055337}
		{BB0F5A78-6EB2-4078-AC44-F07191C21C1E} = {5A5C30F4-B88F-42A4-B5A8-11C0F96BF0B5}
		{0F7B0B4C-11B4-47BE-BD5A-B6AAC16772AB} = {FEA25B21-860D-41EF-9E45-190F1CB3237F}
		{42530C84-1547-462D-86CB-7890CAAA3D32} = {A0B5AC23-DDF3-4710-A973-7550AFC83C6D}
		{A4E412E2-FA0C-444F-95C6-307964F63BB4} = {A0B5AC23-DDF3-4710-A973-7550AFC83C6D}
		{E06246E9-D795-4B27-8D30-CD510FDAB993} = {A0B5AC23-DDF3-4710-A973-7550AFC83C6D}
		{BDD93B06-FD4B-4706-8F12-223E9868664A} = {4DD786C7-521B-440A-9AC8-F8EC62BA72F5}
	EndGlobalSection
	GlobalSection(ExtensibilityGlobals) = postSolution
		SolutionGuid = {85859F86-658E-4B4B-80DF-6088B2588469}
	EndGlobalSection
EndGlobal
